
Microsoft Visual Studio Solution File, Format Version 12.00
# Visual Studio Version 17
VisualStudioVersion = 17.0.31903.59
MinimumVisualStudioVersion = 10.0.40219.1
Project("{9A19103F-16F7-4668-BE54-9A1E7A4F7556}") = "Trailfin.Application", "Trailfin.Application\Trailfin.Application.csproj", "{23CB70BA-C065-4333-8D57-EC7F4C6402C6}"
EndProject
Project("{9A19103F-16F7-4668-BE54-9A1E7A4F7556}") = "Trailfin.Domain", "Trailfin.Domain\Trailfin.Domain.csproj", "{3FC0F7B1-BCEF-460E-8BE9-28341A405D26}"
EndProject
Project("{9A19103F-16F7-4668-BE54-9A1E7A4F7556}") = "Trailfin.Infrastructure", "Trailfin.Infrastructure\Trailfin.Infrastructure.csproj", "{64B98C47-44D5-47DE-B020-34AEAF8836F5}"
EndProject
Project("{9A19103F-16F7-4668-BE54-9A1E7A4F7556}") = "Trailfin.Web", "Trailfin.Web\Trailfin.Web.csproj", "{E24EDABE-42F5-4031-B838-5B288AB4E41F}"
EndProject
Project("{FAE04EC0-301F-11D3-BF4B-00C04F79EFBC}") = "Trailfin.Tests", "Trailfin.Tests\Trailfin.Tests.csproj", "{7E42F238-6E53-4794-8733-2E51887C30B3}"
EndProject
Global
	GlobalSection(SolutionConfigurationPlatforms) = preSolution
		Debug|Any CPU = Debug|Any CPU
		Release|Any CPU = Release|Any CPU
	EndGlobalSection
	GlobalSection(ProjectConfigurationPlatforms) = postSolution
		{23CB70BA-C065-4333-8D57-EC7F4C6402C6}.Debug|Any CPU.ActiveCfg = Debug|Any CPU
		{23CB70BA-C065-4333-8D57-EC7F4C6402C6}.Debug|Any CPU.Build.0 = Debug|Any CPU
		{23CB70BA-C065-4333-8D57-EC7F4C6402C6}.Release|Any CPU.ActiveCfg = Release|Any CPU
		{23CB70BA-C065-4333-8D57-EC7F4C6402C6}.Release|Any CPU.Build.0 = Release|Any CPU
		{3FC0F7B1-BCEF-460E-8BE9-28341A405D26}.Debug|Any CPU.ActiveCfg = Debug|Any CPU
		{3FC0F7B1-BCEF-460E-8BE9-28341A405D26}.Debug|Any CPU.Build.0 = Debug|Any CPU
		{3FC0F7B1-BCEF-460E-8BE9-28341A405D26}.Release|Any CPU.ActiveCfg = Release|Any CPU
		{3FC0F7B1-BCEF-460E-8BE9-28341A405D26}.Release|Any CPU.Build.0 = Release|Any CPU
		{64B98C47-44D5-47DE-B020-34AEAF8836F5}.Debug|Any CPU.ActiveCfg = Debug|Any CPU
		{64B98C47-44D5-47DE-B020-34AEAF8836F5}.Debug|Any CPU.Build.0 = Debug|Any CPU
		{64B98C47-44D5-47DE-B020-34AEAF8836F5}.Release|Any CPU.ActiveCfg = Release|Any CPU
		{64B98C47-44D5-47DE-B020-34AEAF8836F5}.Release|Any CPU.Build.0 = Release|Any CPU
		{E24EDABE-42F5-4031-B838-5B288AB4E41F}.Debug|Any CPU.ActiveCfg = Debug|Any CPU
		{E24EDABE-42F5-4031-B838-5B288AB4E41F}.Debug|Any CPU.Build.0 = Debug|Any CPU
		{E24EDABE-42F5-4031-B838-5B288AB4E41F}.Release|Any CPU.ActiveCfg = Release|Any CPU
		{E24EDABE-42F5-4031-B838-5B288AB4E41F}.Release|Any CPU.Build.0 = Release|Any CPU
		{7E42F238-6E53-4794-8733-2E51887C30B3}.Debug|Any CPU.ActiveCfg = Debug|Any CPU
		{7E42F238-6E53-4794-8733-2E51887C30B3}.Debug|Any CPU.Build.0 = Debug|Any CPU
		{7E42F238-6E53-4794-8733-2E51887C30B3}.Release|Any CPU.ActiveCfg = Release|Any CPU
		{7E42F238-6E53-4794-8733-2E51887C30B3}.Release|Any CPU.Build.0 = Release|Any CPU
	EndGlobalSection
	GlobalSection(SolutionProperties) = preSolution
		HideSolutionNode = FALSE
	EndGlobalSection
	GlobalSection(ExtensibilityGlobals) = postSolution
		SolutionGuid = {6C97530E-97F5-4975-ABF6-FC52E104A6DB}
	EndGlobalSection
EndGlobal
